Microsoft Visual Studio Solution File, Format Version 12.00
# Visual Studio Version 17
VisualStudioVersion = 17.5.2.0
MinimumVisualStudioVersion = 10.0.40219.1
Project("{FAE04EC0-301F-11D3-BF4B-00C04F79EFBC}") = "EmpresaAPI", "EmpresaAPI.csproj", "{A697894B-BEE9-480A-0A6C-609F87E2E560}"
EndProject
Global
	GlobalSection(SolutionConfigurationPlatforms) = preSolution
		Debug|Any CPU = Debug|Any CPU
		Release|Any CPU = Release|Any CPU
	EndGlobalSection
	GlobalSection(ProjectConfigurationPlatforms) = postSolution
		{A697894B-BEE9-480A-0A6C-609F87E2E560}.Debug|Any CPU.ActiveCfg = Debug|Any CPU
		{A697894B-BEE9-480A-0A6C-609F87E2E560}.Debug|Any CPU.Build.0 = Debug|Any CPU
		{A697894B-BEE9-480A-0A6C-609F87E2E560}.Release|Any CPU.ActiveCfg = Release|Any CPU
		{A697894B-BEE9-480A-0A6C-609F87E2E560}.Release|Any CPU.Build.0 = Release|Any CPU
	EndGlobalSection
	GlobalSection(SolutionProperties) = preSolution
		HideSolutionNode = FALSE
	EndGlobalSection
	GlobalSection(ExtensibilityGlobals) = postSolution
		SolutionGuid = {BDA94723-B1D8-429E-BA66-22006BB000F8}
	EndGlobalSection
EndGlobal
